
Microsoft Visual Studio Solution File, Format Version 12.00
# Visual Studio Version 17
VisualStudioVersion = 17.4.33213.308
MinimumVisualStudioVersion = 10.0.40219.1
Project("{FAE04EC0-301F-11D3-BF4B-00C04F79EFBC}") = "SimpleEmailApp", "SimpleEmailApp.csproj", "{A30C6723-C38E-4E48-98B3-A7371BEE1AF2}"
EndProject
Global
	GlobalSection(SolutionConfigurationPlatforms) = preSolution
		Debug|Any CPU = Debug|Any CPU
		Release|Any CPU = Release|Any CPU
	EndGlobalSection
	GlobalSection(ProjectConfigurationPlatforms) = postSolution
		{A30C6723-C38E-4E48-98B3-A7371BEE1AF2}.Debug|Any CPU.ActiveCfg = Debug|Any CPU
		{A30C6723-C38E-4E48-98B3-A7371BEE1AF2}.Debug|Any CPU.Build.0 = Debug|Any CPU
		{A30C6723-C38E-4E48-98B3-A7371BEE1AF2}.Release|Any CPU.ActiveCfg = Release|Any CPU
		{A30C6723-C38E-4E48-98B3-A7371BEE1AF2}.Release|Any CPU.Build.0 = Release|Any CPU
	EndGlobalSection
	GlobalSection(SolutionProperties) = preSolution
		HideSolutionNode = FALSE
	EndGlobalSection
	GlobalSection(ExtensibilityGlobals) = postSolution
		SolutionGuid = {931738A5-FBF0-47D4-B6EE-6004F1DBA44D}
	EndGlobalSection
EndGlobal
